Microsoft Visual Studio Solution File, Format Version 11.00
# Visual Studio 2008

Project("{4D234B3D-1B98-2F18-CA38-AF1605CFDFAD}") = "WizardBattler", "Assembly-CSharp-firstpass.csproj", "{8F0CEA7B-3059-54DF-93AB-8BEDE0C28D6B}"
EndProject
Project("{4D234B3D-1B98-2F18-CA38-AF1605CFDFAD}") = "WizardBattler", "Assembly-CSharp.csproj", "{9D1EF78E-B357-8CD6-F7DE-E2A3C0B2AECE}"
EndProject
Project("{4D234B3D-1B98-2F18-CA38-AF1605CFDFAD}") = "WizardBattler", "Assembly-CSharp-Editor.csproj", "{18F496B1-64B4-3DAB-1FB0-3B07CF8E32D5}"
EndProject
Global
	GlobalSection(SolutionConfigurationPlatforms) = preSolution
		Debug|Any CPU = Debug|Any CPU
		Release|Any CPU = Release|Any CPU
	EndGlobalSection
	GlobalSection(ProjectConfigurationPlatforms) = postSolution
		{8F0CEA7B-3059-54DF-93AB-8BEDE0C28D6B}.Debug|Any CPU.ActiveCfg = Debug|Any CPU
		{8F0CEA7B-3059-54DF-93AB-8BEDE0C28D6B}.Debug|Any CPU.Build.0 = Debug|Any CPU
		{8F0CEA7B-3059-54DF-93AB-8BEDE0C28D6B}.Release|Any CPU.ActiveCfg = Release|Any CPU
		{8F0CEA7B-3059-54DF-93AB-8BEDE0C28D6B}.Release|Any CPU.Build.0 = Release|Any CPU
		{9D1EF78E-B357-8CD6-F7DE-E2A3C0B2AECE}.Debug|Any CPU.ActiveCfg = Debug|Any CPU
		{9D1EF78E-B357-8CD6-F7DE-E2A3C0B2AECE}.Debug|Any CPU.Build.0 = Debug|Any CPU
		{9D1EF78E-B357-8CD6-F7DE-E2A3C0B2AECE}.Release|Any CPU.ActiveCfg = Release|Any CPU
		{9D1EF78E-B357-8CD6-F7DE-E2A3C0B2AECE}.Release|Any CPU.Build.0 = Release|Any CPU
		{18F496B1-64B4-3DAB-1FB0-3B07CF8E32D5}.Debug|Any CPU.ActiveCfg = Debug|Any CPU
		{18F496B1-64B4-3DAB-1FB0-3B07CF8E32D5}.Debug|Any CPU.Build.0 = Debug|Any CPU
		{18F496B1-64B4-3DAB-1FB0-3B07CF8E32D5}.Release|Any CPU.ActiveCfg = Release|Any CPU
		{18F496B1-64B4-3DAB-1FB0-3B07CF8E32D5}.Release|Any CPU.Build.0 = Release|Any CPU
	EndGlobalSection
	GlobalSection(SolutionProperties) = preSolution
		HideSolutionNode = FALSE
	EndGlobalSection
																																																													GlobalSection(MonoDevelopProperties) = preSolution
		StartupItem = Assembly-CSharp.csproj
		Policies = $0
		$0.TextStylePolicy = $1
		$1.inheritsSet = null
		$1.scope = text/x-csharp
		$0.CSharpFormattingPolicy = $2
		$2.inheritsSet = Mono
		$2.inheritsScope = text/x-csharp
		$2.scope = text/x-csharp
		$0.TextStylePolicy = $3
		$3.FileWidth = 120
		$3.TabWidth = 4
		$3.IndentWidth = 4
		$3.EolMarker = Unix
		$3.inheritsSet = Mono
		$3.inheritsScope = text/plain
		$3.scope = text/plain
	EndGlobalSection

EndGlobal
